
Microsoft Visual Studio Solution File, Format Version 12.00
# Visual Studio 14
VisualStudioVersion = 14.0.25420.1
MinimumVisualStudioVersion = 10.0.40219.1
Project("{FAE04EC0-301F-11D3-BF4B-00C04F79EFBC}") = "UI", "UI\UI.csproj", "{8C998B8C-20BE-4645-8ACA-0A4B80E69B13}"
EndProject
Project("{FAE04EC0-301F-11D3-BF4B-00C04F79EFBC}") = "BLL", "BLL\BLL.csproj", "{EE6C7926-705A-45DF-BB48-FBE7B0535F02}"
EndProject
Project("{FAE04EC0-301F-11D3-BF4B-00C04F79EFBC}") = "DAL", "DAL\DAL.csproj", "{098D355F-7292-4B82-836A-B6038CB853A6}"
EndProject
Global
	GlobalSection(SolutionConfigurationPlatforms) = preSolution
		Debug|Any CPU = Debug|Any CPU
		Release|Any CPU = Release|Any CPU
	EndGlobalSection
	GlobalSection(ProjectConfigurationPlatforms) = postSolution
		{8C998B8C-20BE-4645-8ACA-0A4B80E69B13}.Debug|Any CPU.ActiveCfg = Debug|Any CPU
		{8C998B8C-20BE-4645-8ACA-0A4B80E69B13}.Debug|Any CPU.Build.0 = Debug|Any CPU
		{8C998B8C-20BE-4645-8ACA-0A4B80E69B13}.Release|Any CPU.ActiveCfg = Release|Any CPU
		{8C998B8C-20BE-4645-8ACA-0A4B80E69B13}.Release|Any CPU.Build.0 = Release|Any CPU
		{EE6C7926-705A-45DF-BB48-FBE7B0535F02}.Debug|Any CPU.ActiveCfg = Debug|Any CPU
		{EE6C7926-705A-45DF-BB48-FBE7B0535F02}.Debug|Any CPU.Build.0 = Debug|Any CPU
		{EE6C7926-705A-45DF-BB48-FBE7B0535F02}.Release|Any CPU.ActiveCfg = Release|Any CPU
		{EE6C7926-705A-45DF-BB48-FBE7B0535F02}.Release|Any CPU.Build.0 = Release|Any CPU
		{098D355F-7292-4B82-836A-B6038CB853A6}.Debug|Any CPU.ActiveCfg = Debug|Any CPU
		{098D355F-7292-4B82-836A-B6038CB853A6}.Debug|Any CPU.Build.0 = Debug|Any CPU
		{098D355F-7292-4B82-836A-B6038CB853A6}.Release|Any CPU.ActiveCfg = Release|Any CPU
		{098D355F-7292-4B82-836A-B6038CB853A6}.Release|Any CPU.Build.0 = Release|Any CPU
	EndGlobalSection
	GlobalSection(SolutionProperties) = preSolution
		HideSolutionNode = FALSE
	EndGlobalSection
EndGlobal
